
Microsoft Visual Studio Solution File, Format Version 12.00
# Visual Studio Version 17
VisualStudioVersion = 17.7.34031.279
MinimumVisualStudioVersion = 10.0.40219.1
Project("{8BC9CEB8-8B4A-11D0-8D11-00A0C91BC942}") = "ConsoleApplication2", "ConsoleApplication2.vcxproj", "{6901B51F-BB8B-4D0C-8E7C-3638167F91D6}"
EndProject
Global
	GlobalSection(SolutionConfigurationPlatforms) = preSolution
		Debug|x64 = Debug|x64
		Debug|x86 = Debug|x86
		Release|x64 = Release|x64
		Release|x86 = Release|x86
	EndGlobalSection
	GlobalSection(ProjectConfigurationPlatforms) = postSolution
		{6901B51F-BB8B-4D0C-8E7C-3638167F91D6}.Debug|x64.ActiveCfg = Debug|x64
		{6901B51F-BB8B-4D0C-8E7C-3638167F91D6}.Debug|x64.Build.0 = Debug|x64
		{6901B51F-BB8B-4D0C-8E7C-3638167F91D6}.Debug|x86.ActiveCfg = Debug|Win32
		{6901B51F-BB8B-4D0C-8E7C-3638167F91D6}.Debug|x86.Build.0 = Debug|Win32
		{6901B51F-BB8B-4D0C-8E7C-3638167F91D6}.Release|x64.ActiveCfg = Release|x64
		{6901B51F-BB8B-4D0C-8E7C-3638167F91D6}.Release|x64.Build.0 = Release|x64
		{6901B51F-BB8B-4D0C-8E7C-3638167F91D6}.Release|x86.ActiveCfg = Release|Win32
		{6901B51F-BB8B-4D0C-8E7C-3638167F91D6}.Release|x86.Build.0 = Release|Win32
	EndGlobalSection
	GlobalSection(SolutionProperties) = preSolution
		HideSolutionNode = FALSE
	EndGlobalSection
	GlobalSection(ExtensibilityGlobals) = postSolution
		SolutionGuid = {CC9ECCEF-8D4F-4678-BB7C-4B61951F20E1}
	EndGlobalSection
EndGlobal
